
Microsoft Visual Studio Solution File, Format Version 12.00
# Visual Studio Version 17
VisualStudioVersion = 17.9.34622.214
MinimumVisualStudioVersion = 10.0.40219.1
Project("{9A19103F-16F7-4668-BE54-9A1E7A4F7556}") = "TaskManagement.API", "API\TaskManagement.API.csproj", "{59EF40E7-5CB1-4139-B653-88002388EEAE}"
EndProject
Project("{9A19103F-16F7-4668-BE54-9A1E7A4F7556}") = "TaskManagement.Data", "Data\TaskManagement.Data.csproj", "{971B6BBE-5738-47E1-89FA-FF16727EC6A3}"
EndProject
Project("{9A19103F-16F7-4668-BE54-9A1E7A4F7556}") = "TaskManagement.Core", "Core\TaskManagement.Core.csproj", "{76BAE3A1-4F74-4087-B0F6-546FC8469624}"
EndProject
Project("{FAE04EC0-301F-11D3-BF4B-00C04F79EFBC}") = "Frontend", "Frontend\Frontend.csproj", "{9E9A0CD9-4599-449F-AABD-E0B117D33A45}"
EndProject
Global
	GlobalSection(SolutionConfigurationPlatforms) = preSolution
		Debug|Any CPU = Debug|Any CPU
		Release|Any CPU = Release|Any CPU
	EndGlobalSection
	GlobalSection(ProjectConfigurationPlatforms) = postSolution
		{59EF40E7-5CB1-4139-B653-88002388EEAE}.Debug|Any CPU.ActiveCfg = Debug|Any CPU
		{59EF40E7-5CB1-4139-B653-88002388EEAE}.Debug|Any CPU.Build.0 = Debug|Any CPU
		{59EF40E7-5CB1-4139-B653-88002388EEAE}.Release|Any CPU.ActiveCfg = Release|Any CPU
		{59EF40E7-5CB1-4139-B653-88002388EEAE}.Release|Any CPU.Build.0 = Release|Any CPU
		{971B6BBE-5738-47E1-89FA-FF16727EC6A3}.Debug|Any CPU.ActiveCfg = Debug|Any CPU
		{971B6BBE-5738-47E1-89FA-FF16727EC6A3}.Debug|Any CPU.Build.0 = Debug|Any CPU
		{971B6BBE-5738-47E1-89FA-FF16727EC6A3}.Release|Any CPU.ActiveCfg = Release|Any CPU
		{971B6BBE-5738-47E1-89FA-FF16727EC6A3}.Release|Any CPU.Build.0 = Release|Any CPU
		{76BAE3A1-4F74-4087-B0F6-546FC8469624}.Debug|Any CPU.ActiveCfg = Debug|Any CPU
		{76BAE3A1-4F74-4087-B0F6-546FC8469624}.Debug|Any CPU.Build.0 = Debug|Any CPU
		{76BAE3A1-4F74-4087-B0F6-546FC8469624}.Release|Any CPU.ActiveCfg = Release|Any CPU
		{76BAE3A1-4F74-4087-B0F6-546FC8469624}.Release|Any CPU.Build.0 = Release|Any CPU
		{9E9A0CD9-4599-449F-AABD-E0B117D33A45}.Debug|Any CPU.ActiveCfg = Debug|Any CPU
		{9E9A0CD9-4599-449F-AABD-E0B117D33A45}.Debug|Any CPU.Build.0 = Debug|Any CPU
		{9E9A0CD9-4599-449F-AABD-E0B117D33A45}.Release|Any CPU.ActiveCfg = Release|Any CPU
		{9E9A0CD9-4599-449F-AABD-E0B117D33A45}.Release|Any CPU.Build.0 = Release|Any CPU
	EndGlobalSection
	GlobalSection(SolutionProperties) = preSolution
		HideSolutionNode = FALSE
	EndGlobalSection
	GlobalSection(ExtensibilityGlobals) = postSolution
		SolutionGuid = {15244866-ED24-4471-9FBF-AA8A247D179C}
	EndGlobalSection
EndGlobal
